{
  "version": 4,
  "terraform_version": "1.5.7",
  "serial": 9,
  "lineage": "c47990d8-c647-3141-c865-ad9cd1e4a5a1",
  "outputs": {},
  "resources": [
    {
      "mode": "managed",
      "type": "aws_instance",
      "name": "dove-inst",
      "provider": "provider[\"registry.terraform.io/hashicorp/aws\"]",
      "instances": [
        {
          "status": "tainted",
          "schema_version": 1,
          "attributes": {
            "ami": "ami-06d4b7182ac3480fa",
            "arn": "arn:aws:ec2:us-east-2:510914184331:instance/i-0a261c28310ad333c",
            "associate_public_ip_address": true,
            "availability_zone": "us-east-2a",
            "capacity_reservation_specification": [
              {
                "capacity_reservation_preference": "open",
                "capacity_reservation_target": []
              }
            ],
            "cpu_core_count": 1,
            "cpu_options": [
              {
                "amd_sev_snp": "",
                "core_count": 1,
                "threads_per_core": 1
              }
            ],
            "cpu_threads_per_core": 1,
            "credit_specification": [
              {
                "cpu_credits": "standard"
              }
            ],
            "disable_api_stop": false,
            "disable_api_termination": false,
            "ebs_block_device": [],
            "ebs_optimized": false,
            "enclave_options": [
              {
                "enabled": false
              }
            ],
            "ephemeral_block_device": [],
            "get_password_data": false,
            "hibernation": false,
            "host_id": "",
            "host_resource_group_arn": null,
            "iam_instance_profile": "",
            "id": "i-0a261c28310ad333c",
            "instance_initiated_shutdown_behavior": "stop",
            "instance_lifecycle": "",
            "instance_market_options": [],
            "instance_state": "running",
            "instance_type": "t2.micro",
            "ipv6_address_count": 0,
            "ipv6_addresses": [],
            "key_name": "dovekey",
            "launch_template": [],
            "maintenance_options": [
              {
                "auto_recovery": "default"
              }
            ],
            "metadata_options": [
              {
                "http_endpoint": "enabled",
                "http_protocol_ipv6": "disabled",
                "http_put_response_hop_limit": 2,
                "http_tokens": "required",
                "instance_metadata_tags": "disabled"
              }
            ],
            "monitoring": false,
            "network_interface": [],
            "outpost_arn": "",
            "password_data": "",
            "placement_group": "",
            "placement_partition_number": 0,
            "primary_network_interface_id": "eni-0c5c16ac1fcdd0fbf",
            "private_dns": "ip-172-31-15-186.us-east-2.compute.internal",
            "private_dns_name_options": [
              {
                "enable_resource_name_dns_a_record": false,
                "enable_resource_name_dns_aaaa_record": false,
                "hostname_type": "ip-name"
              }
            ],
            "private_ip": "172.31.15.186",
            "public_dns": "ec2-3-15-149-198.us-east-2.compute.amazonaws.com",
            "public_ip": "3.15.149.198",
            "root_block_device": [
              {
                "delete_on_termination": true,
                "device_name": "/dev/xvda",
                "encrypted": false,
                "iops": 3000,
                "kms_key_id": "",
                "tags": {},
                "throughput": 125,
                "volume_id": "vol-0d4ab227fa3758557",
                "volume_size": 8,
                "volume_type": "gp3"
              }
            ],
            "secondary_private_ips": [],
            "security_groups": [
              "dove-sg"
            ],
            "source_dest_check": true,
            "spot_instance_request_id": "",
            "subnet_id": "subnet-0f8693f3792fb63d6",
            "tags": {
              "Name": "Dove-Instance"
            },
            "tags_all": {
              "Name": "Dove-Instance"
            },
            "tenancy": "default",
            "timeouts": null,
            "user_data": null,
            "user_data_base64": null,
            "user_data_replace_on_change": false,
            "volume_tags": null,
            "vpc_security_group_ids": [
              "sg-0ae78b2f9fab08f65"
            ]
          },
          "sensitive_attributes": [],
          "private": "eyJlMmJmYjczMC1lY2FhLTExZTYtOGY4OC0zNDM2M2JjN2M0YzAiOnsiY3JlYXRlIjo2MDAwMDAwMDAwMDAsImRlbGV0ZSI6MTIwMDAwMDAwMDAwMCwidXBkYXRlIjo2MDAwMDAwMDAwMDB9LCJzY2hlbWFfdmVyc2lvbiI6IjEifQ==",
          "dependencies": [
            "aws_key_pair.dove-key"
          ]
        }
      ]
    },
    {
      "mode": "managed",
      "type": "aws_key_pair",
      "name": "dove-key",
      "provider": "provider[\"registry.terraform.io/hashicorp/aws\"]",
      "instances": [
        {
          "schema_version": 1,
          "attributes": {
            "arn": "arn:aws:ec2:us-east-2:510914184331:key-pair/dovekey",
            "fingerprint": "79:ef:98:9d:7e:35:2b:3f:03:a2:26:e5:76:9a:9b:bf",
            "id": "dovekey",
            "key_name": "dovekey",
            "key_name_prefix": "",
            "key_pair_id": "key-0f93cc42a62a9880f",
            "key_type": "rsa",
            "public_key": "ssh-rsa AAAAB3NzaC1yc2EAAAADAQABAAABgQCuUS9R+iPe+odAhCrR2koW4yNK5Y5/JMay0eJWOHM/mqbskYevydNL3G7JMkEVihJ+9TjCdXcrHA6cfsl90D6rTh5uGaPVaX0b1rV9X++Rs+Ca1mL2zlb7H1AhEqxQiKpyD1BsrKlB5K6qnF/Is9MYcLiXLo3F3gh5kEKxd2k7s5nYXFHlOXfnQgcOzdFgBys0AKg+BuJ8Qii4VIipANcyLiPir1bKfmONQ6/ARg9Knr2LQISVGagqY0o7DbRM4FwYp6dAVklndZK7LYe/dIjoFbyaXRNOtedkyQ/7Q/sD8z3QKzSN5bHpN8LX28O/79Wk7HJu9SHdnTmSlCjt4mZ1u1jvhCdvH0clmqS2xwcERJGzCycyISLzNMKYrBLc0KDSJVIEmRE1ZTlaRNUBhEJ5Q3uElKFWUOGj7f8q02NGYTINntiQnI2m4UbzMZp6PMcUbTvUjEDYfm3ci28aDxlY89meJNw3uzd83L9pBIyIkclPMVfEnMOV2ofVOLdTN4M= admin@USCS-Mac351",
            "tags": null,
            "tags_all": {}
          },
          "sensitive_attributes": [],
          "private": "eyJzY2hlbWFfdmVyc2lvbiI6IjEifQ=="
        }
      ]
    }
  ],
  "check_results": null
}
